// !$*UTF8*$!
{
	archiveVersion = 1;
	classes = {
	};
	objectVersion = 55;
	objects = {

/* Begin PBXBuildFile section */
		52A16E682D668CE400DB2FC2 /* LoginCoordinator.swift in Sources */ = {isa = PBXBuildFile; fileRef = 52A16E672D668CE400DB2FC2 /* LoginCoordinator.swift */; };
		52A16E6B2D66968C00DB2FC2 /* BaseViewController.swift in Sources */ = {isa = PBXBuildFile; fileRef = 52A16E6A2D66968C00DB2FC2 /* BaseViewController.swift */; };
		52A16E6E2D6696D300DB2FC2 /* AppCoordinator.swift in Sources */ = {isa = PBXBuildFile; fileRef = 52A16E6D2D6696D300DB2FC2 /* AppCoordinator.swift */; };
		52A16E742D66A5B700DB2FC2 /* LoginViewController.swift in Sources */ = {isa = PBXBuildFile; fileRef = 52A16E732D66A5AD00DB2FC2 /* LoginViewController.swift */; };
		52A16E762D66A5D500DB2FC2 /* LoginViewModel.swift in Sources */ = {isa = PBXBuildFile; fileRef = 52A16E752D66A5CE00DB2FC2 /* LoginViewModel.swift */; };
		52A16E782D66B3E200DB2FC2 /* BaseView.swift in Sources */ = {isa = PBXBuildFile; fileRef = 52A16E772D66B3DE00DB2FC2 /* BaseView.swift */; };
		52A16E7B2D66D7F600DB2FC2 /* AnyPublisher+Never.swift in Sources */ = {isa = PBXBuildFile; fileRef = 52A16E7A2D66D7E500DB2FC2 /* AnyPublisher+Never.swift */; };
		52A16E7D2D66D82400DB2FC2 /* ObservableObject+ObjectDidChange.swift in Sources */ = {isa = PBXBuildFile; fileRef = 52A16E7C2D66D81A00DB2FC2 /* ObservableObject+ObjectDidChange.swift */; };
		52A16E802D66ED8E00DB2FC2 /* Passthrough.swift in Sources */ = {isa = PBXBuildFile; fileRef = 52A16E7F2D66ED8C00DB2FC2 /* Passthrough.swift */; };
		52A16E832D679D7A00DB2FC2 /* KeychainService.swift in Sources */ = {isa = PBXBuildFile; fileRef = 52A16E822D679D6D00DB2FC2 /* KeychainService.swift */; };
		52A16E872D67C82000DB2FC2 /* ButtonView.swift in Sources */ = {isa = PBXBuildFile; fileRef = 52A16E862D67C81600DB2FC2 /* ButtonView.swift */; };
		52A16E892D67C83200DB2FC2 /* TextFieldView.swift in Sources */ = {isa = PBXBuildFile; fileRef = 52A16E882D67C82500DB2FC2 /* TextFieldView.swift */; };
		52A16E8C2D67D61700DB2FC2 /* Configurable.swift in Sources */ = {isa = PBXBuildFile; fileRef = 52A16E8B2D67D60400DB2FC2 /* Configurable.swift */; };
		52A16E922D68169000DB2FC2 /* UserResponse.swift in Sources */ = {isa = PBXBuildFile; fileRef = 52A16E912D68168800DB2FC2 /* UserResponse.swift */; };
		52A16E982D68175700DB2FC2 /* PostsListCoordinator.swift in Sources */ = {isa = PBXBuildFile; fileRef = 52A16E972D68173A00DB2FC2 /* PostsListCoordinator.swift */; };
		52A16E9A2D68198800DB2FC2 /* PostsListViewController.swift in Sources */ = {isa = PBXBuildFile; fileRef = 52A16E992D68198500DB2FC2 /* PostsListViewController.swift */; };
		52A16E9C2D6819A000DB2FC2 /* PostsListViewModel.swift in Sources */ = {isa = PBXBuildFile; fileRef = 52A16E9B2D68199900DB2FC2 /* PostsListViewModel.swift */; };
		52A16E9F2D681B6100DB2FC2 /* PostTableViewCellViewModel.swift in Sources */ = {isa = PBXBuildFile; fileRef = 52A16E9E2D681B6100DB2FC2 /* PostTableViewCellViewModel.swift */; };
		52A16EA22D6835AE00DB2FC2 /* PostModel.swift in Sources */ = {isa = PBXBuildFile; fileRef = 52A16EA12D6835A400DB2FC2 /* PostModel.swift */; };
		52A16EA62D68377500DB2FC2 /* HashableExcluded.swift in Sources */ = {isa = PBXBuildFile; fileRef = 52A16EA52D68377000DB2FC2 /* HashableExcluded.swift */; };
		52A16EAA2D6837C400DB2FC2 /* ImageLoaderService.swift in Sources */ = {isa = PBXBuildFile; fileRef = 52A16EA92D6837C000DB2FC2 /* ImageLoaderService.swift */; };
		52A16EAC2D68393600DB2FC2 /* UIView+Contraints.swift in Sources */ = {isa = PBXBuildFile; fileRef = 52A16EAB2D68393500DB2FC2 /* UIView+Contraints.swift */; };
		52A16EAF2D6848F000DB2FC2 /* LoginUseCase.swift in Sources */ = {isa = PBXBuildFile; fileRef = 52A16EAE2D6848EE00DB2FC2 /* LoginUseCase.swift */; };
		52A16EB12D68D73500DB2FC2 /* PostsListUseCase.swift in Sources */ = {isa = PBXBuildFile; fileRef = 52A16EB02D68D71D00DB2FC2 /* PostsListUseCase.swift */; };
		52A16EB32D68EB0E00DB2FC2 /* PostResponse.swift in Sources */ = {isa = PBXBuildFile; fileRef = 52A16EB22D68EB0D00DB2FC2 /* PostResponse.swift */; };
		52A16EBA2D68FBDA00DB2FC2 /* UserInfoViewController.swift in Sources */ = {isa = PBXBuildFile; fileRef = 52A16EB92D68FBCF00DB2FC2 /* UserInfoViewController.swift */; };
		52A16EBC2D68FBE700DB2FC2 /* UserInfoViewModel.swift in Sources */ = {isa = PBXBuildFile; fileRef = 52A16EBB2D68FBE000DB2FC2 /* UserInfoViewModel.swift */; };
		52A16EC02D69146000DB2FC2 /* MockImageLoaderService.swift in Sources */ = {isa = PBXBuildFile; fileRef = 52A16EBF2D69145C00DB2FC2 /* MockImageLoaderService.swift */; };
		52A16EC22D69152900DB2FC2 /* LoginUseCaseTests.swift in Sources */ = {isa = PBXBuildFile; fileRef = 52A16EC12D69152400DB2FC2 /* LoginUseCaseTests.swift */; };
		52A16EC42D6915CE00DB2FC2 /* PostsListUseCaseTests.swift in Sources */ = {isa = PBXBuildFile; fileRef = 52A16EC32D6915CC00DB2FC2 /* PostsListUseCaseTests.swift */; };
		52A16EC82D6919AE00DB2FC2 /* LoginViewModelTests.swift in Sources */ = {isa = PBXBuildFile; fileRef = 52A16EC72D6919A800DB2FC2 /* LoginViewModelTests.swift */; };
		52A16ECA2D691A0B00DB2FC2 /* PostsListViewModelTests.swift in Sources */ = {isa = PBXBuildFile; fileRef = 52A16EC92D691A0A00DB2FC2 /* PostsListViewModelTests.swift */; };
		8848023A282C16A800AF1595 /* AppDelegate.swift in Sources */ = {isa = PBXBuildFile; fileRef = 88480239282C16A800AF1595 /* AppDelegate.swift */; };
		8848023C282C16A800AF1595 /* SceneDelegate.swift in Sources */ = {isa = PBXBuildFile; fileRef = 8848023B282C16A800AF1595 /* SceneDelegate.swift */; };
		88480243282C16A900AF1595 /* Assets.xcassets in Resources */ = {isa = PBXBuildFile; fileRef = 88480242282C16A900AF1595 /* Assets.xcassets */; };
		88480246282C16A900AF1595 /* LaunchScreen.storyboard in Resources */ = {isa = PBXBuildFile; fileRef = 88480244282C16A900AF1595 /* LaunchScreen.storyboard */; };
		8848025B282C16A900AF1595 /* LeagueiOSChallengeUITests.swift in Sources */ = {isa = PBXBuildFile; fileRef = 8848025A282C16A900AF1595 /* LeagueiOSChallengeUITests.swift */; };
		8848025D282C16A900AF1595 /* LeagueiOSChallengeUITestsLaunchTests.swift in Sources */ = {isa = PBXBuildFile; fileRef = 8848025C282C16A900AF1595 /* LeagueiOSChallengeUITestsLaunchTests.swift */; };
		88480270282C18D500AF1595 /* APIHelper.swift in Sources */ = {isa = PBXBuildFile; fileRef = 8848026F282C18D500AF1595 /* APIHelper.swift */; };
		88C4E6B8282C60AF00CD3E33 /* LoginResponse.swift in Sources */ = {isa = PBXBuildFile; fileRef = 88C4E6B7282C60AF00CD3E33 /* LoginResponse.swift */; };
/* End PBXBuildFile section */

/* Begin PBXContainerItemProxy section */
		8848024D282C16A900AF1595 /* PBXContainerItemProxy */ = {
			isa = PBXContainerItemProxy;
			containerPortal = 8848022E282C16A800AF1595 /* Project object */;
			proxyType = 1;
			remoteGlobalIDString = 88480235282C16A800AF1595;
			remoteInfo = LeagueiOSChallenge;
		};
		88480257282C16A900AF1595 /* PBXContainerItemProxy */ = {
			isa = PBXContainerItemProxy;
			containerPortal = 8848022E282C16A800AF1595 /* Project object */;
			proxyType = 1;
			remoteGlobalIDString = 88480235282C16A800AF1595;
			remoteInfo = LeagueiOSChallenge;
		};
/* End PBXContainerItemProxy section */

/* Begin PBXFileReference section */
		52A16E672D668CE400DB2FC2 /* LoginCoordinator.swift */ = {isa = PBXFileReference; lastKnownFileType = sourcecode.swift; path = LoginCoordinator.swift; sourceTree = "<group>"; };
		52A16E6A2D66968C00DB2FC2 /* BaseViewController.swift */ = {isa = PBXFileReference; lastKnownFileType = sourcecode.swift; path = BaseViewController.swift; sourceTree = "<group>"; };
		52A16E6D2D6696D300DB2FC2 /* AppCoordinator.swift */ = {isa = PBXFileReference; lastKnownFileType = sourcecode.swift; path = AppCoordinator.swift; sourceTree = "<group>"; };
		52A16E732D66A5AD00DB2FC2 /* LoginViewController.swift */ = {isa = PBXFileReference; lastKnownFileType = sourcecode.swift; path = LoginViewController.swift; sourceTree = "<group>"; };
		52A16E752D66A5CE00DB2FC2 /* LoginViewModel.swift */ = {isa = PBXFileReference; lastKnownFileType = sourcecode.swift; path = LoginViewModel.swift; sourceTree = "<group>"; };
		52A16E772D66B3DE00DB2FC2 /* BaseView.swift */ = {isa = PBXFileReference; lastKnownFileType = sourcecode.swift; path = BaseView.swift; sourceTree = "<group>"; };
		52A16E7A2D66D7E500DB2FC2 /* AnyPublisher+Never.swift */ = {isa = PBXFileReference; lastKnownFileType = sourcecode.swift; path = "AnyPublisher+Never.swift"; sourceTree = "<group>"; };
		52A16E7C2D66D81A00DB2FC2 /* ObservableObject+ObjectDidChange.swift */ = {isa = PBXFileReference; lastKnownFileType = sourcecode.swift; path = "ObservableObject+ObjectDidChange.swift"; sourceTree = "<group>"; };
		52A16E7F2D66ED8C00DB2FC2 /* Passthrough.swift */ = {isa = PBXFileReference; lastKnownFileType = sourcecode.swift; path = Passthrough.swift; sourceTree = "<group>"; };
		52A16E822D679D6D00DB2FC2 /* KeychainService.swift */ = {isa = PBXFileReference; lastKnownFileType = sourcecode.swift; path = KeychainService.swift; sourceTree = "<group>"; };
		52A16E862D67C81600DB2FC2 /* ButtonView.swift */ = {isa = PBXFileReference; lastKnownFileType = sourcecode.swift; path = ButtonView.swift; sourceTree = "<group>"; };
		52A16E882D67C82500DB2FC2 /* TextFieldView.swift */ = {isa = PBXFileReference; lastKnownFileType = sourcecode.swift; path = TextFieldView.swift; sourceTree = "<group>"; };
		52A16E8B2D67D60400DB2FC2 /* Configurable.swift */ = {isa = PBXFileReference; lastKnownFileType = sourcecode.swift; path = Configurable.swift; sourceTree = "<group>"; };
		52A16E912D68168800DB2FC2 /* UserResponse.swift */ = {isa = PBXFileReference; lastKnownFileType = sourcecode.swift; path = UserResponse.swift; sourceTree = "<group>"; };
		52A16E972D68173A00DB2FC2 /* PostsListCoordinator.swift */ = {isa = PBXFileReference; lastKnownFileType = sourcecode.swift; path = PostsListCoordinator.swift; sourceTree = "<group>"; };
		52A16E992D68198500DB2FC2 /* PostsListViewController.swift */ = {isa = PBXFileReference; lastKnownFileType = sourcecode.swift; path = PostsListViewController.swift; sourceTree = "<group>"; };
		52A16E9B2D68199900DB2FC2 /* PostsListViewModel.swift */ = {isa = PBXFileReference; lastKnownFileType = sourcecode.swift; path = PostsListViewModel.swift; sourceTree = "<group>"; };
		52A16E9E2D681B6100DB2FC2 /* PostTableViewCellViewModel.swift */ = {isa = PBXFileReference; lastKnownFileType = sourcecode.swift; path = PostTableViewCellViewModel.swift; sourceTree = "<group>"; };
		52A16EA12D6835A400DB2FC2 /* PostModel.swift */ = {isa = PBXFileReference; lastKnownFileType = sourcecode.swift; path = PostModel.swift; sourceTree = "<group>"; };
		52A16EA52D68377000DB2FC2 /* HashableExcluded.swift */ = {isa = PBXFileReference; lastKnownFileType = sourcecode.swift; path = HashableExcluded.swift; sourceTree = "<group>"; };
		52A16EA92D6837C000DB2FC2 /* ImageLoaderService.swift */ = {isa = PBXFileReference; lastKnownFileType = sourcecode.swift; path = ImageLoaderService.swift; sourceTree = "<group>"; };
		52A16EAB2D68393500DB2FC2 /* UIView+Contraints.swift */ = {isa = PBXFileReference; lastKnownFileType = sourcecode.swift; path = "UIView+Contraints.swift"; sourceTree = "<group>"; };
		52A16EAE2D6848EE00DB2FC2 /* LoginUseCase.swift */ = {isa = PBXFileReference; lastKnownFileType = sourcecode.swift; path = LoginUseCase.swift; sourceTree = "<group>"; };
		52A16EB02D68D71D00DB2FC2 /* PostsListUseCase.swift */ = {isa = PBXFileReference; lastKnownFileType = sourcecode.swift; path = PostsListUseCase.swift; sourceTree = "<group>"; };
		52A16EB22D68EB0D00DB2FC2 /* PostResponse.swift */ = {isa = PBXFileReference; lastKnownFileType = sourcecode.swift; path = PostResponse.swift; sourceTree = "<group>"; };
		52A16EB92D68FBCF00DB2FC2 /* UserInfoViewController.swift */ = {isa = PBXFileReference; lastKnownFileType = sourcecode.swift; path = UserInfoViewController.swift; sourceTree = "<group>"; };
		52A16EBB2D68FBE000DB2FC2 /* UserInfoViewModel.swift */ = {isa = PBXFileReference; lastKnownFileType = sourcecode.swift; path = UserInfoViewModel.swift; sourceTree = "<group>"; };
		52A16EBF2D69145C00DB2FC2 /* MockImageLoaderService.swift */ = {isa = PBXFileReference; lastKnownFileType = sourcecode.swift; path = MockImageLoaderService.swift; sourceTree = "<group>"; };
		52A16EC12D69152400DB2FC2 /* LoginUseCaseTests.swift */ = {isa = PBXFileReference; lastKnownFileType = sourcecode.swift; path = LoginUseCaseTests.swift; sourceTree = "<group>"; };
		52A16EC32D6915CC00DB2FC2 /* PostsListUseCaseTests.swift */ = {isa = PBXFileReference; lastKnownFileType = sourcecode.swift; path = PostsListUseCaseTests.swift; sourceTree = "<group>"; };
		52A16EC72D6919A800DB2FC2 /* LoginViewModelTests.swift */ = {isa = PBXFileReference; lastKnownFileType = sourcecode.swift; path = LoginViewModelTests.swift; sourceTree = "<group>"; };
		52A16EC92D691A0A00DB2FC2 /* PostsListViewModelTests.swift */ = {isa = PBXFileReference; lastKnownFileType = sourcecode.swift; path = PostsListViewModelTests.swift; sourceTree = "<group>"; };
		88480236282C16A800AF1595 /* LeagueiOSChallenge.app */ = {isa = PBXFileReference; explicitFileType = wrapper.application; includeInIndex = 0; path = LeagueiOSChallenge.app; sourceTree = BUILT_PRODUCTS_DIR; };
		88480239282C16A800AF1595 /* AppDelegate.swift */ = {isa = PBXFileReference; lastKnownFileType = sourcecode.swift; path = AppDelegate.swift; sourceTree = "<group>"; };
		8848023B282C16A800AF1595 /* SceneDelegate.swift */ = {isa = PBXFileReference; lastKnownFileType = sourcecode.swift; path = SceneDelegate.swift; sourceTree = "<group>"; };
		88480242282C16A900AF1595 /* Assets.xcassets */ = {isa = PBXFileReference; lastKnownFileType = folder.assetcatalog; path = Assets.xcassets; sourceTree = "<group>"; };
		88480245282C16A900AF1595 /* Base */ = {isa = PBXFileReference; lastKnownFileType = file.storyboard; name = Base; path = Base.lproj/LaunchScreen.storyboard; sourceTree = "<group>"; };
		88480247282C16A900AF1595 /* Info.plist */ = {isa = PBXFileReference; lastKnownFileType = text.plist.xml; path = Info.plist; sourceTree = "<group>"; };
		8848024C282C16A900AF1595 /* LeagueiOSChallengeTests.xctest */ = {isa = PBXFileReference; explicitFileType = wrapper.cfbundle; includeInIndex = 0; path = LeagueiOSChallengeTests.xctest; sourceTree = BUILT_PRODUCTS_DIR; };
		88480256282C16A900AF1595 /* LeagueiOSChallengeUITests.xctest */ = {isa = PBXFileReference; explicitFileType = wrapper.cfbundle; includeInIndex = 0; path = LeagueiOSChallengeUITests.xctest; sourceTree = BUILT_PRODUCTS_DIR; };
		8848025A282C16A900AF1595 /* LeagueiOSChallengeUITests.swift */ = {isa = PBXFileReference; lastKnownFileType = sourcecode.swift; path = LeagueiOSChallengeUITests.swift; sourceTree = "<group>"; };
		8848025C282C16A900AF1595 /* LeagueiOSChallengeUITestsLaunchTests.swift */ = {isa = PBXFileReference; lastKnownFileType = sourcecode.swift; path = LeagueiOSChallengeUITestsLaunchTests.swift; sourceTree = "<group>"; };
		8848026F282C18D500AF1595 /* APIHelper.swift */ = {isa = PBXFileReference; lastKnownFileType = sourcecode.swift; path = APIHelper.swift; sourceTree = "<group>"; };
		88C4E6B7282C60AF00CD3E33 /* LoginResponse.swift */ = {isa = PBXFileReference; lastKnownFileType = sourcecode.swift; path = LoginResponse.swift; sourceTree = "<group>"; };
/* End PBXFileReference section */

/* Begin PBXFrameworksBuildPhase section */
		88480233282C16A800AF1595 /* Frameworks */ = {
			isa = PBXFrameworksBuildPhase;
			buildActionMask = 2147483647;
			files = (
			);
			runOnlyForDeploymentPostprocessing = 0;
		};
		88480249282C16A900AF1595 /* Frameworks */ = {
			isa = PBXFrameworksBuildPhase;
			buildActionMask = 2147483647;
			files = (
			);
			runOnlyForDeploymentPostprocessing = 0;
		};
		88480253282C16A900AF1595 /* Frameworks */ = {
			isa = PBXFrameworksBuildPhase;
			buildActionMask = 2147483647;
			files = (
			);
			runOnlyForDeploymentPostprocessing = 0;
		};
/* End PBXFrameworksBuildPhase section */

/* Begin PBXGroup section */
		52A16E642D66899700DB2FC2 /* App */ = {
			isa = PBXGroup;
			children = (
				8848023B282C16A800AF1595 /* SceneDelegate.swift */,
				88480239282C16A800AF1595 /* AppDelegate.swift */,
			);
			path = App;
			sourceTree = "<group>";
		};
		52A16E652D6689A700DB2FC2 /* Resources */ = {
			isa = PBXGroup;
			children = (
				88480242282C16A900AF1595 /* Assets.xcassets */,
				88480244282C16A900AF1595 /* LaunchScreen.storyboard */,
				88480247282C16A900AF1595 /* Info.plist */,
			);
			path = Resources;
			sourceTree = "<group>";
		};
		52A16E662D668A6B00DB2FC2 /* Modules */ = {
			isa = PBXGroup;
			children = (
				52A16EB42D68FB7C00DB2FC2 /* UserInfo */,
				52A16E932D6816EC00DB2FC2 /* PostsList */,
				52A16E6F2D6696F300DB2FC2 /* Login */,
			);
			path = Modules;
			sourceTree = "<group>";
		};
		52A16E692D66966500DB2FC2 /* Base */ = {
			isa = PBXGroup;
			children = (
				52A16E772D66B3DE00DB2FC2 /* BaseView.swift */,
				52A16E6A2D66968C00DB2FC2 /* BaseViewController.swift */,
			);
			path = Base;
			sourceTree = "<group>";
		};
		52A16E6C2D6696BA00DB2FC2 /* AppCoordinator */ = {
			isa = PBXGroup;
			children = (
				52A16E6D2D6696D300DB2FC2 /* AppCoordinator.swift */,
			);
			path = AppCoordinator;
			sourceTree = "<group>";
		};
		52A16E6F2D6696F300DB2FC2 /* Login */ = {
			isa = PBXGroup;
			children = (
				52A16E722D66973800DB2FC2 /* ViewModel */,
				52A16E712D66973000DB2FC2 /* View */,
				52A16E702D66971C00DB2FC2 /* Coordinator */,
			);
			path = Login;
			sourceTree = "<group>";
		};
		52A16E702D66971C00DB2FC2 /* Coordinator */ = {
			isa = PBXGroup;
			children = (
				52A16E672D668CE400DB2FC2 /* LoginCoordinator.swift */,
			);
			path = Coordinator;
			sourceTree = "<group>";
		};
		52A16E712D66973000DB2FC2 /* View */ = {
			isa = PBXGroup;
			children = (
				52A16E852D67C80C00DB2FC2 /* Elements */,
				52A16E732D66A5AD00DB2FC2 /* LoginViewController.swift */,
			);
			path = View;
			sourceTree = "<group>";
		};
		52A16E722D66973800DB2FC2 /* ViewModel */ = {
			isa = PBXGroup;
			children = (
				52A16E752D66A5CE00DB2FC2 /* LoginViewModel.swift */,
			);
			path = ViewModel;
			sourceTree = "<group>";
		};
		52A16E792D66D7C100DB2FC2 /* Extensions */ = {
			isa = PBXGroup;
			children = (
				52A16EAB2D68393500DB2FC2 /* UIView+Contraints.swift */,
				52A16E7C2D66D81A00DB2FC2 /* ObservableObject+ObjectDidChange.swift */,
				52A16E7A2D66D7E500DB2FC2 /* AnyPublisher+Never.swift */,
			);
			path = Extensions;
			sourceTree = "<group>";
		};
		52A16E7E2D66ED6E00DB2FC2 /* PropertyWrappers */ = {
			isa = PBXGroup;
			children = (
				52A16EA52D68377000DB2FC2 /* HashableExcluded.swift */,
				52A16E7F2D66ED8C00DB2FC2 /* Passthrough.swift */,
			);
			path = PropertyWrappers;
			sourceTree = "<group>";
		};
		52A16E812D679D5B00DB2FC2 /* Services */ = {
			isa = PBXGroup;
			children = (
				52A16EA92D6837C000DB2FC2 /* ImageLoaderService.swift */,
				52A16E822D679D6D00DB2FC2 /* KeychainService.swift */,
			);
			path = Services;
			sourceTree = "<group>";
		};
		52A16E852D67C80C00DB2FC2 /* Elements */ = {
			isa = PBXGroup;
			children = (
				52A16E882D67C82500DB2FC2 /* TextFieldView.swift */,
				52A16E862D67C81600DB2FC2 /* ButtonView.swift */,
			);
			path = Elements;
			sourceTree = "<group>";
		};
		52A16E8A2D67D5F100DB2FC2 /* Protocols */ = {
			isa = PBXGroup;
			children = (
				52A16E8B2D67D60400DB2FC2 /* Configurable.swift */,
			);
			path = Protocols;
			sourceTree = "<group>";
		};
		52A16E932D6816EC00DB2FC2 /* PostsList */ = {
			isa = PBXGroup;
			children = (
				52A16E962D68171900DB2FC2 /* ViewModel */,
				52A16E952D68171200DB2FC2 /* View */,
				52A16E942D68170700DB2FC2 /* Coordinator */,
			);
			path = PostsList;
			sourceTree = "<group>";
		};
		52A16E942D68170700DB2FC2 /* Coordinator */ = {
			isa = PBXGroup;
			children = (
				52A16E972D68173A00DB2FC2 /* PostsListCoordinator.swift */,
			);
			path = Coordinator;
			sourceTree = "<group>";
		};
		52A16E952D68171200DB2FC2 /* View */ = {
			isa = PBXGroup;
			children = (
				52A16E9D2D681B5000DB2FC2 /* Cellls */,
				52A16E992D68198500DB2FC2 /* PostsListViewController.swift */,
			);
			path = View;
			sourceTree = "<group>";
		};
		52A16E962D68171900DB2FC2 /* ViewModel */ = {
			isa = PBXGroup;
			children = (
				52A16E9B2D68199900DB2FC2 /* PostsListViewModel.swift */,
			);
			path = ViewModel;
			sourceTree = "<group>";
		};
		52A16E9D2D681B5000DB2FC2 /* Cellls */ = {
			isa = PBXGroup;
			children = (
				52A16E9E2D681B6100DB2FC2 /* PostTableViewCellViewModel.swift */,
			);
			path = Cellls;
			sourceTree = "<group>";
		};
		52A16EA02D68359700DB2FC2 /* PostsList */ = {
			isa = PBXGroup;
			children = (
				52A16EA12D6835A400DB2FC2 /* PostModel.swift */,
			);
			path = PostsList;
			sourceTree = "<group>";
		};
		52A16EAD2D6848CB00DB2FC2 /* UseCases */ = {
			isa = PBXGroup;
			children = (
				52A16EB02D68D71D00DB2FC2 /* PostsListUseCase.swift */,
				52A16EAE2D6848EE00DB2FC2 /* LoginUseCase.swift */,
			);
			path = UseCases;
			sourceTree = "<group>";
		};
		52A16EB42D68FB7C00DB2FC2 /* UserInfo */ = {
			isa = PBXGroup;
			children = (
				52A16EB82D68FBAF00DB2FC2 /* ViewModel */,
				52A16EB52D68FB9300DB2FC2 /* View */,
			);
			path = UserInfo;
			sourceTree = "<group>";
		};
		52A16EB52D68FB9300DB2FC2 /* View */ = {
			isa = PBXGroup;
			children = (
				52A16EB92D68FBCF00DB2FC2 /* UserInfoViewController.swift */,
			);
			path = View;
			sourceTree = "<group>";
		};
		52A16EB82D68FBAF00DB2FC2 /* ViewModel */ = {
			isa = PBXGroup;
			children = (
				52A16EBB2D68FBE000DB2FC2 /* UserInfoViewModel.swift */,
			);
			path = ViewModel;
			sourceTree = "<group>";
		};
		8848022D282C16A800AF1595 = {
			isa = PBXGroup;
			children = (
				88480238282C16A800AF1595 /* LeagueiOSChallenge */,
				8848024F282C16A900AF1595 /* LeagueiOSChallengeTests */,
				88480259282C16A900AF1595 /* LeagueiOSChallengeUITests */,
				88480237282C16A800AF1595 /* Products */,
			);
			sourceTree = "<group>";
		};
		88480237282C16A800AF1595 /* Products */ = {
			isa = PBXGroup;
			children = (
				88480236282C16A800AF1595 /* LeagueiOSChallenge.app */,
				8848024C282C16A900AF1595 /* LeagueiOSChallengeTests.xctest */,
				88480256282C16A900AF1595 /* LeagueiOSChallengeUITests.xctest */,
			);
			name = Products;
			sourceTree = "<group>";
		};
		88480238282C16A800AF1595 /* LeagueiOSChallenge */ = {
			isa = PBXGroup;
			children = (
				8848026D282C185700AF1595 /* Root */,
				52A16E662D668A6B00DB2FC2 /* Modules */,
				52A16EAD2D6848CB00DB2FC2 /* UseCases */,
				52A16E8A2D67D5F100DB2FC2 /* Protocols */,
				52A16E792D66D7C100DB2FC2 /* Extensions */,
				52A16E7E2D66ED6E00DB2FC2 /* PropertyWrappers */,
				88C4E6B6282C609900CD3E33 /* Models */,
				52A16E812D679D5B00DB2FC2 /* Services */,
				8848026E282C189000AF1595 /* Network */,
			);
			path = LeagueiOSChallenge;
			sourceTree = "<group>";
		};
		8848024F282C16A900AF1595 /* LeagueiOSChallengeTests */ = {
			isa = PBXGroup;
			children = (
				52A16EC92D691A0A00DB2FC2 /* PostsListViewModelTests.swift */,
				52A16EC72D6919A800DB2FC2 /* LoginViewModelTests.swift */,
				52A16EC32D6915CC00DB2FC2 /* PostsListUseCaseTests.swift */,
				52A16EC12D69152400DB2FC2 /* LoginUseCaseTests.swift */,
				52A16EBF2D69145C00DB2FC2 /* MockImageLoaderService.swift */,
			);
			path = LeagueiOSChallengeTests;
			sourceTree = "<group>";
		};
		88480259282C16A900AF1595 /* LeagueiOSChallengeUITests */ = {
			isa = PBXGroup;
			children = (
				8848025A282C16A900AF1595 /* LeagueiOSChallengeUITests.swift */,
				8848025C282C16A900AF1595 /* LeagueiOSChallengeUITestsLaunchTests.swift */,
			);
			path = LeagueiOSChallengeUITests;
			sourceTree = "<group>";
		};
		8848026D282C185700AF1595 /* Root */ = {
			isa = PBXGroup;
			children = (
				52A16E6C2D6696BA00DB2FC2 /* AppCoordinator */,
				52A16E692D66966500DB2FC2 /* Base */,
				52A16E652D6689A700DB2FC2 /* Resources */,
				52A16E642D66899700DB2FC2 /* App */,
			);
			path = Root;
			sourceTree = "<group>";
		};
		8848026E282C189000AF1595 /* Network */ = {
			isa = PBXGroup;
			children = (
				8848026F282C18D500AF1595 /* APIHelper.swift */,
			);
			path = Network;
			sourceTree = "<group>";
		};
		88C4E6B6282C609900CD3E33 /* Models */ = {
			isa = PBXGroup;
			children = (
				52A16EB22D68EB0D00DB2FC2 /* PostResponse.swift */,
				52A16E912D68168800DB2FC2 /* UserResponse.swift */,
				88C4E6B7282C60AF00CD3E33 /* LoginResponse.swift */,
				52A16EA02D68359700DB2FC2 /* PostsList */,
			);
			path = Models;
			sourceTree = "<group>";
		};
/* End PBXGroup section */

/* Begin PBXNativeTarget section */
		88480235282C16A800AF1595 /* LeagueiOSChallenge */ = {
			isa = PBXNativeTarget;
			buildConfigurationList = 88480260282C16A900AF1595 /* Build configuration list for PBXNativeTarget "LeagueiOSChallenge" */;
			buildPhases = (
				88480232282C16A800AF1595 /* Sources */,
				88480233282C16A800AF1595 /* Frameworks */,
				88480234282C16A800AF1595 /* Resources */,
			);
			buildRules = (
			);
			dependencies = (
			);
			name = LeagueiOSChallenge;
			packageProductDependencies = (
			);
			productName = LeagueiOSChallenge;
			productReference = 88480236282C16A800AF1595 /* LeagueiOSChallenge.app */;
			productType = "com.apple.product-type.application";
		};
		8848024B282C16A900AF1595 /* LeagueiOSChallengeTests */ = {
			isa = PBXNativeTarget;
			buildConfigurationList = 88480263282C16A900AF1595 /* Build configuration list for PBXNativeTarget "LeagueiOSChallengeTests" */;
			buildPhases = (
				88480248282C16A900AF1595 /* Sources */,
				88480249282C16A900AF1595 /* Frameworks */,
				8848024A282C16A900AF1595 /* Resources */,
			);
			buildRules = (
			);
			dependencies = (
				8848024E282C16A900AF1595 /* PBXTargetDependency */,
			);
			name = LeagueiOSChallengeTests;
			productName = LeagueiOSChallengeTests;
			productReference = 8848024C282C16A900AF1595 /* LeagueiOSChallengeTests.xctest */;
			productType = "com.apple.product-type.bundle.unit-test";
		};
		88480255282C16A900AF1595 /* LeagueiOSChallengeUITests */ = {
			isa = PBXNativeTarget;
			buildConfigurationList = 88480266282C16A900AF1595 /* Build configuration list for PBXNativeTarget "LeagueiOSChallengeUITests" */;
			buildPhases = (
				88480252282C16A900AF1595 /* Sources */,
				88480253282C16A900AF1595 /* Frameworks */,
				88480254282C16A900AF1595 /* Resources */,
			);
			buildRules = (
			);
			dependencies = (
				88480258282C16A900AF1595 /* PBXTargetDependency */,
			);
			name = LeagueiOSChallengeUITests;
			productName = LeagueiOSChallengeUITests;
			productReference = 88480256282C16A900AF1595 /* LeagueiOSChallengeUITests.xctest */;
			productType = "com.apple.product-type.bundle.ui-testing";
		};
/* End PBXNativeTarget section */

/* Begin PBXProject section */
		8848022E282C16A800AF1595 /* Project object */ = {
			isa = PBXProject;
			attributes = {
				BuildIndependentTargetsInParallel = 1;
				LastSwiftUpdateCheck = 1330;
				LastUpgradeCheck = 1330;
				TargetAttributes = {
					88480235282C16A800AF1595 = {
						CreatedOnToolsVersion = 13.3.1;
					};
					8848024B282C16A900AF1595 = {
						CreatedOnToolsVersion = 13.3.1;
						TestTargetID = 88480235282C16A800AF1595;
					};
					88480255282C16A900AF1595 = {
						CreatedOnToolsVersion = 13.3.1;
						TestTargetID = 88480235282C16A800AF1595;
					};
				};
			};
			buildConfigurationList = 88480231282C16A800AF1595 /* Build configuration list for PBXProject "LeagueiOSChallenge" */;
			compatibilityVersion = "Xcode 13.0";
			developmentRegion = en;
			hasScannedForEncodings = 0;
			knownRegions = (
				en,
				Base,
			);
			mainGroup = 8848022D282C16A800AF1595;
			packageReferences = (
			);
			productRefGroup = 88480237282C16A800AF1595 /* Products */;
			projectDirPath = "";
			projectRoot = "";
			targets = (
				88480235282C16A800AF1595 /* LeagueiOSChallenge */,
				8848024B282C16A900AF1595 /* LeagueiOSChallengeTests */,
				88480255282C16A900AF1595 /* LeagueiOSChallengeUITests */,
			);
		};
/* End PBXProject section */

/* Begin PBXResourcesBuildPhase section */
		88480234282C16A800AF1595 /* Resources */ = {
			isa = PBXResourcesBuildPhase;
			buildActionMask = 2147483647;
			files = (
				88480246282C16A900AF1595 /* LaunchScreen.storyboard in Resources */,
				88480243282C16A900AF1595 /* Assets.xcassets in Resources */,
			);
			runOnlyForDeploymentPostprocessing = 0;
		};
		8848024A282C16A900AF1595 /* Resources */ = {
			isa = PBXResourcesBuildPhase;
			buildActionMask = 2147483647;
			files = (
			);
			runOnlyForDeploymentPostprocessing = 0;
		};
		88480254282C16A900AF1595 /* Resources */ = {
			isa = PBXResourcesBuildPhase;
			buildActionMask = 2147483647;
			files = (
			);
			runOnlyForDeploymentPostprocessing = 0;
		};
/* End PBXResourcesBuildPhase section */

/* Begin PBXSourcesBuildPhase section */
		88480232282C16A800AF1595 /* Sources */ = {
			isa = PBXSourcesBuildPhase;
			buildActionMask = 2147483647;
			files = (
				52A16E682D668CE400DB2FC2 /* LoginCoordinator.swift in Sources */,
				52A16EAC2D68393600DB2FC2 /* UIView+Contraints.swift in Sources */,
				52A16EB12D68D73500DB2FC2 /* PostsListUseCase.swift in Sources */,
				88480270282C18D500AF1595 /* APIHelper.swift in Sources */,
				52A16E8C2D67D61700DB2FC2 /* Configurable.swift in Sources */,
				52A16E982D68175700DB2FC2 /* PostsListCoordinator.swift in Sources */,
				52A16EB32D68EB0E00DB2FC2 /* PostResponse.swift in Sources */,
				8848023A282C16A800AF1595 /* AppDelegate.swift in Sources */,
				52A16EA22D6835AE00DB2FC2 /* PostModel.swift in Sources */,
				52A16EBC2D68FBE700DB2FC2 /* UserInfoViewModel.swift in Sources */,
				52A16E892D67C83200DB2FC2 /* TextFieldView.swift in Sources */,
				52A16E9C2D6819A000DB2FC2 /* PostsListViewModel.swift in Sources */,
				52A16E9F2D681B6100DB2FC2 /* PostTableViewCellViewModel.swift in Sources */,
				52A16E9A2D68198800DB2FC2 /* PostsListViewController.swift in Sources */,
				52A16EAA2D6837C400DB2FC2 /* ImageLoaderService.swift in Sources */,
				52A16EBA2D68FBDA00DB2FC2 /* UserInfoViewController.swift in Sources */,
				52A16EAF2D6848F000DB2FC2 /* LoginUseCase.swift in Sources */,
				8848023C282C16A800AF1595 /* SceneDelegate.swift in Sources */,
				88C4E6B8282C60AF00CD3E33 /* LoginResponse.swift in Sources */,
				52A16E762D66A5D500DB2FC2 /* LoginViewModel.swift in Sources */,
				52A16E7D2D66D82400DB2FC2 /* ObservableObject+ObjectDidChange.swift in Sources */,
				52A16E7B2D66D7F600DB2FC2 /* AnyPublisher+Never.swift in Sources */,
				52A16E742D66A5B700DB2FC2 /* LoginViewController.swift in Sources */,
				52A16E782D66B3E200DB2FC2 /* BaseView.swift in Sources */,
				52A16EA62D68377500DB2FC2 /* HashableExcluded.swift in Sources */,
				52A16E872D67C82000DB2FC2 /* ButtonView.swift in Sources */,
				52A16E802D66ED8E00DB2FC2 /* Passthrough.swift in Sources */,
				52A16E832D679D7A00DB2FC2 /* KeychainService.swift in Sources */,
				52A16E6B2D66968C00DB2FC2 /* BaseViewController.swift in Sources */,
				52A16E6E2D6696D300DB2FC2 /* AppCoordinator.swift in Sources */,
				52A16E922D68169000DB2FC2 /* UserResponse.swift in Sources */,
			);
			runOnlyForDeploymentPostprocessing = 0;
		};
		88480248282C16A900AF1595 /* Sources */ = {
			isa = PBXSourcesBuildPhase;
			buildActionMask = 2147483647;
			files = (
				52A16EC82D6919AE00DB2FC2 /* LoginViewModelTests.swift in Sources */,
				52A16ECA2D691A0B00DB2FC2 /* PostsListViewModelTests.swift in Sources */,
				52A16EC42D6915CE00DB2FC2 /* PostsListUseCaseTests.swift in Sources */,
				52A16EC02D69146000DB2FC2 /* MockImageLoaderService.swift in Sources */,
				52A16EC22D69152900DB2FC2 /* LoginUseCaseTests.swift in Sources */,
			);
			runOnlyForDeploymentPostprocessing = 0;
		};
		88480252282C16A900AF1595 /* Sources */ = {
			isa = PBXSourcesBuildPhase;
			buildActionMask = 2147483647;
			files = (
				8848025B282C16A900AF1595 /* LeagueiOSChallengeUITests.swift in Sources */,
				8848025D282C16A900AF1595 /* LeagueiOSChallengeUITestsLaunchTests.swift in Sources */,
			);
			runOnlyForDeploymentPostprocessing = 0;
		};
/* End PBXSourcesBuildPhase section */

/* Begin PBXTargetDependency section */
		8848024E282C16A900AF1595 /* PBXTargetDependency */ = {
			isa = PBXTargetDependency;
			target = 88480235282C16A800AF1595 /* LeagueiOSChallenge */;
			targetProxy = 8848024D282C16A900AF1595 /* PBXContainerItemProxy */;
		};
		88480258282C16A900AF1595 /* PBXTargetDependency */ = {
			isa = PBXTargetDependency;
			target = 88480235282C16A800AF1595 /* LeagueiOSChallenge */;
			targetProxy = 88480257282C16A900AF1595 /* PBXContainerItemProxy */;
		};
/* End PBXTargetDependency section */

/* Begin PBXVariantGroup section */
		88480244282C16A900AF1595 /* LaunchScreen.storyboard */ = {
			isa = PBXVariantGroup;
			children = (
				88480245282C16A900AF1595 /* Base */,
			);
			name = LaunchScreen.storyboard;
			sourceTree = "<group>";
		};
/* End PBXVariantGroup section */

/* Begin XCBuildConfiguration section */
		8848025E282C16A900AF1595 /* Debug */ = {
			isa = XCBuildConfiguration;
			buildSettings = {
				ALWAYS_SEARCH_USER_PATHS = NO;
				CLANG_ANALYZER_NONNULL = YES;
				CLANG_ANALYZER_NUMBER_OBJECT_CONVERSION = YES_AGGRESSIVE;
				CLANG_CXX_LANGUAGE_STANDARD = "gnu++17";
				CLANG_ENABLE_MODULES = YES;
				CLANG_ENABLE_OBJC_ARC = YES;
				CLANG_ENABLE_OBJC_WEAK = YES;
				CLANG_WARN_BLOCK_CAPTURE_AUTORELEASING = YES;
				CLANG_WARN_BOOL_CONVERSION = YES;
				CLANG_WARN_COMMA = YES;
				CLANG_WARN_CONSTANT_CONVERSION = YES;
				CLANG_WARN_DEPRECATED_OBJC_IMPLEMENTATIONS = YES;
				CLANG_WARN_DIRECT_OBJC_ISA_USAGE = YES_ERROR;
				CLANG_WARN_DOCUMENTATION_COMMENTS = YES;
				CLANG_WARN_EMPTY_BODY = YES;
				CLANG_WARN_ENUM_CONVERSION = YES;
				CLANG_WARN_INFINITE_RECURSION = YES;
				CLANG_WARN_INT_CONVERSION = YES;
				CLANG_WARN_NON_LITERAL_NULL_CONVERSION = YES;
				CLANG_WARN_OBJC_IMPLICIT_RETAIN_SELF = YES;
				CLANG_WARN_OBJC_LITERAL_CONVERSION = YES;
				CLANG_WARN_OBJC_ROOT_CLASS = YES_ERROR;
				CLANG_WARN_QUOTED_INCLUDE_IN_FRAMEWORK_HEADER = YES;
				CLANG_WARN_RANGE_LOOP_ANALYSIS = YES;
				CLANG_WARN_STRICT_PROTOTYPES = YES;
				CLANG_WARN_SUSPICIOUS_MOVE = YES;
				CLANG_WARN_UNGUARDED_AVAILABILITY = YES_AGGRESSIVE;
				CLANG_WARN_UNREACHABLE_CODE = YES;
				CLANG_WARN__DUPLICATE_METHOD_MATCH = YES;
				COPY_PHASE_STRIP = NO;
				DEBUG_INFORMATION_FORMAT = dwarf;
				ENABLE_STRICT_OBJC_MSGSEND = YES;
				ENABLE_TESTABILITY = YES;
				GCC_C_LANGUAGE_STANDARD = gnu11;
				GCC_DYNAMIC_NO_PIC = NO;
				GCC_NO_COMMON_BLOCKS = YES;
				GCC_OPTIMIZATION_LEVEL = 0;
				GCC_PREPROCESSOR_DEFINITIONS = (
					"DEBUG=1",
					"$(inherited)",
				);
				GCC_WARN_64_TO_32_BIT_CONVERSION = YES;
				GCC_WARN_ABOUT_RETURN_TYPE = YES_ERROR;
				GCC_WARN_UNDECLARED_SELECTOR = YES;
				GCC_WARN_UNINITIALIZED_AUTOS = YES_AGGRESSIVE;
				GCC_WARN_UNUSED_FUNCTION = YES;
				GCC_WARN_UNUSED_VARIABLE = YES;
				IPHONEOS_DEPLOYMENT_TARGET = 15.4;
				MTL_ENABLE_DEBUG_INFO = INCLUDE_SOURCE;
				MTL_FAST_MATH = YES;
				ONLY_ACTIVE_ARCH = YES;
				SDKROOT = iphoneos;
				SWIFT_ACTIVE_COMPILATION_CONDITIONS = DEBUG;
				SWIFT_OPTIMIZATION_LEVEL = "-Onone";
			};
			name = Debug;
		};
		8848025F282C16A900AF1595 /* Release */ = {
			isa = XCBuildConfiguration;
			buildSettings = {
				ALWAYS_SEARCH_USER_PATHS = NO;
				CLANG_ANALYZER_NONNULL = YES;
				CLANG_ANALYZER_NUMBER_OBJECT_CONVERSION = YES_AGGRESSIVE;
				CLANG_CXX_LANGUAGE_STANDARD = "gnu++17";
				CLANG_ENABLE_MODULES = YES;
				CLANG_ENABLE_OBJC_ARC = YES;
				CLANG_ENABLE_OBJC_WEAK = YES;
				CLANG_WARN_BLOCK_CAPTURE_AUTORELEASING = YES;
				CLANG_WARN_BOOL_CONVERSION = YES;
				CLANG_WARN_COMMA = YES;
				CLANG_WARN_CONSTANT_CONVERSION = YES;
				CLANG_WARN_DEPRECATED_OBJC_IMPLEMENTATIONS = YES;
				CLANG_WARN_DIRECT_OBJC_ISA_USAGE = YES_ERROR;
				CLANG_WARN_DOCUMENTATION_COMMENTS = YES;
				CLANG_WARN_EMPTY_BODY = YES;
				CLANG_WARN_ENUM_CONVERSION = YES;
				CLANG_WARN_INFINITE_RECURSION = YES;
				CLANG_WARN_INT_CONVERSION = YES;
				CLANG_WARN_NON_LITERAL_NULL_CONVERSION = YES;
				CLANG_WARN_OBJC_IMPLICIT_RETAIN_SELF = YES;
				CLANG_WARN_OBJC_LITERAL_CONVERSION = YES;
				CLANG_WARN_OBJC_ROOT_CLASS = YES_ERROR;
				CLANG_WARN_QUOTED_INCLUDE_IN_FRAMEWORK_HEADER = YES;
				CLANG_WARN_RANGE_LOOP_ANALYSIS = YES;
				CLANG_WARN_STRICT_PROTOTYPES = YES;
				CLANG_WARN_SUSPICIOUS_MOVE = YES;
				CLANG_WARN_UNGUARDED_AVAILABILITY = YES_AGGRESSIVE;
				CLANG_WARN_UNREACHABLE_CODE = YES;
				CLANG_WARN__DUPLICATE_METHOD_MATCH = YES;
				COPY_PHASE_STRIP = NO;
				DEBUG_INFORMATION_FORMAT = "dwarf-with-dsym";
				ENABLE_NS_ASSERTIONS = NO;
				ENABLE_STRICT_OBJC_MSGSEND = YES;
				GCC_C_LANGUAGE_STANDARD = gnu11;
				GCC_NO_COMMON_BLOCKS = YES;
				GCC_WARN_64_TO_32_BIT_CONVERSION = YES;
				GCC_WARN_ABOUT_RETURN_TYPE = YES_ERROR;
				GCC_WARN_UNDECLARED_SELECTOR = YES;
				GCC_WARN_UNINITIALIZED_AUTOS = YES_AGGRESSIVE;
				GCC_WARN_UNUSED_FUNCTION = YES;
				GCC_WARN_UNUSED_VARIABLE = YES;
				IPHONEOS_DEPLOYMENT_TARGET = 15.4;
				MTL_ENABLE_DEBUG_INFO = NO;
				MTL_FAST_MATH = YES;
				SDKROOT = iphoneos;
				SWIFT_COMPILATION_MODE = wholemodule;
				SWIFT_OPTIMIZATION_LEVEL = "-O";
				VALIDATE_PRODUCT = YES;
			};
			name = Release;
		};
		88480261282C16A900AF1595 /* Debug */ = {
			isa = XCBuildConfiguration;
			buildSettings = {
				ASSETCATALOG_COMPILER_APPICON_NAME = AppIcon;
				ASSETCATALOG_COMPILER_GLOBAL_ACCENT_COLOR_NAME = AccentColor;
				CODE_SIGN_STYLE = Automatic;
				CURRENT_PROJECT_VERSION = 1;
				GENERATE_INFOPLIST_FILE = YES;
				INFOPLIST_FILE = LeagueiOSChallenge/Root/Resources/Info.plist;
				INFOPLIST_KEY_UIApplicationSupportsIndirectInputEvents = YES;
				INFOPLIST_KEY_UILaunchStoryboardName = LaunchScreen;
				INFOPLIST_KEY_UISupportedInterfaceOrientations = "UIInterfaceOrientationLandscapeLeft UIInterfaceOrientationLandscapeRight UIInterfaceOrientationPortrait UIInterfaceOrientationPortraitUpsideDown";
				LD_RUNPATH_SEARCH_PATHS = (
					"$(inherited)",
					"@executable_path/Frameworks",
				);
				MARKETING_VERSION = 1.0;
				PRODUCT_BUNDLE_IDENTIFIER = life.league.LeagueiOSChallenge;
				PRODUCT_NAME = "$(TARGET_NAME)";
				SWIFT_EMIT_LOC_STRINGS = YES;
				SWIFT_VERSION = 5.0;
				TARGETED_DEVICE_FAMILY = "1,2";
			};
			name = Debug;
		};
		88480262282C16A900AF1595 /* Release */ = {
			isa = XCBuildConfiguration;
			buildSettings = {
				ASSETCATALOG_COMPILER_APPICON_NAME = AppIcon;
				ASSETCATALOG_COMPILER_GLOBAL_ACCENT_COLOR_NAME = AccentColor;
				CODE_SIGN_STYLE = Automatic;
				CURRENT_PROJECT_VERSION = 1;
				GENERATE_INFOPLIST_FILE = YES;
				INFOPLIST_FILE = LeagueiOSChallenge/Root/Resources/Info.plist;
				INFOPLIST_KEY_UIApplicationSupportsIndirectInputEvents = YES;
				INFOPLIST_KEY_UILaunchStoryboardName = LaunchScreen;
				INFOPLIST_KEY_UISupportedInterfaceOrientations = "UIInterfaceOrientationLandscapeLeft UIInterfaceOrientationLandscapeRight UIInterfaceOrientationPortrait UIInterfaceOrientationPortraitUpsideDown";
				LD_RUNPATH_SEARCH_PATHS = (
					"$(inherited)",
					"@executable_path/Frameworks",
				);
				MARKETING_VERSION = 1.0;
				PRODUCT_BUNDLE_IDENTIFIER = life.league.LeagueiOSChallenge;
				PRODUCT_NAME = "$(TARGET_NAME)";
				SWIFT_EMIT_LOC_STRINGS = YES;
				SWIFT_VERSION = 5.0;
				TARGETED_DEVICE_FAMILY = "1,2";
			};
			name = Release;
		};
		88480264282C16A900AF1595 /* Debug */ = {
			isa = XCBuildConfiguration;
			buildSettings = {
				ALWAYS_EMBED_SWIFT_STANDARD_LIBRARIES = YES;
				BUNDLE_LOADER = "$(TEST_HOST)";
				CODE_SIGN_STYLE = Automatic;
				CURRENT_PROJECT_VERSION = 1;
				GENERATE_INFOPLIST_FILE = YES;
				IPHONEOS_DEPLOYMENT_TARGET = 15.4;
				MARKETING_VERSION = 1.0;
				PRODUCT_BUNDLE_IDENTIFIER = life.league.LeagueiOSChallengeTests;
				PRODUCT_NAME = "$(TARGET_NAME)";
				SWIFT_EMIT_LOC_STRINGS = NO;
				SWIFT_VERSION = 5.0;
				TARGETED_DEVICE_FAMILY = "1,2";
				TEST_HOST = "$(BUILT_PRODUCTS_DIR)/LeagueiOSChallenge.app/LeagueiOSChallenge";
			};
			name = Debug;
		};
		88480265282C16A900AF1595 /* Release */ = {
			isa = XCBuildConfiguration;
			buildSettings = {
				ALWAYS_EMBED_SWIFT_STANDARD_LIBRARIES = YES;
				BUNDLE_LOADER = "$(TEST_HOST)";
				CODE_SIGN_STYLE = Automatic;
				CURRENT_PROJECT_VERSION = 1;
				GENERATE_INFOPLIST_FILE = YES;
				IPHONEOS_DEPLOYMENT_TARGET = 15.4;
				MARKETING_VERSION = 1.0;
				PRODUCT_BUNDLE_IDENTIFIER = life.league.LeagueiOSChallengeTests;
				PRODUCT_NAME = "$(TARGET_NAME)";
				SWIFT_EMIT_LOC_STRINGS = NO;
				SWIFT_VERSION = 5.0;
				TARGETED_DEVICE_FAMILY = "1,2";
				TEST_HOST = "$(BUILT_PRODUCTS_DIR)/LeagueiOSChallenge.app/LeagueiOSChallenge";
			};
			name = Release;
		};
		88480267282C16A900AF1595 /* Debug */ = {
			isa = XCBuildConfiguration;
			buildSettings = {
				ALWAYS_EMBED_SWIFT_STANDARD_LIBRARIES = YES;
				CODE_SIGN_STYLE = Automatic;
				CURRENT_PROJECT_VERSION = 1;
				GENERATE_INFOPLIST_FILE = YES;
				MARKETING_VERSION = 1.0;
				PRODUCT_BUNDLE_IDENTIFIER = life.league.LeagueiOSChallengeUITests;
				PRODUCT_NAME = "$(TARGET_NAME)";
				SWIFT_EMIT_LOC_STRINGS = NO;
				SWIFT_VERSION = 5.0;
				TARGETED_DEVICE_FAMILY = "1,2";
				TEST_TARGET_NAME = LeagueiOSChallenge;
			};
			name = Debug;
		};
		88480268282C16A900AF1595 /* Release */ = {
			isa = XCBuildConfiguration;
			buildSettings = {
				ALWAYS_EMBED_SWIFT_STANDARD_LIBRARIES = YES;
				CODE_SIGN_STYLE = Automatic;
				CURRENT_PROJECT_VERSION = 1;
				GENERATE_INFOPLIST_FILE = YES;
				MARKETING_VERSION = 1.0;
				PRODUCT_BUNDLE_IDENTIFIER = life.league.LeagueiOSChallengeUITests;
				PRODUCT_NAME = "$(TARGET_NAME)";
				SWIFT_EMIT_LOC_STRINGS = NO;
				SWIFT_VERSION = 5.0;
				TARGETED_DEVICE_FAMILY = "1,2";
				TEST_TARGET_NAME = LeagueiOSChallenge;
			};
			name = Release;
		};
/* End XCBuildConfiguration section */

/* Begin XCConfigurationList section */
		88480231282C16A800AF1595 /* Build configuration list for PBXProject "LeagueiOSChallenge" */ = {
			isa = XCConfigurationList;
			buildConfigurations = (
				8848025E282C16A900AF1595 /* Debug */,
				8848025F282C16A900AF1595 /* Release */,
			);
			defaultConfigurationIsVisible = 0;
			defaultConfigurationName = Release;
		};
		88480260282C16A900AF1595 /* Build configuration list for PBXNativeTarget "LeagueiOSChallenge" */ = {
			isa = XCConfigurationList;
			buildConfigurations = (
				88480261282C16A900AF1595 /* Debug */,
				88480262282C16A900AF1595 /* Release */,
			);
			defaultConfigurationIsVisible = 0;
			defaultConfigurationName = Release;
		};
		88480263282C16A900AF1595 /* Build configuration list for PBXNativeTarget "LeagueiOSChallengeTests" */ = {
			isa = XCConfigurationList;
			buildConfigurations = (
				88480264282C16A900AF1595 /* Debug */,
				88480265282C16A900AF1595 /* Release */,
			);
			defaultConfigurationIsVisible = 0;
			defaultConfigurationName = Release;
		};
		88480266282C16A900AF1595 /* Build configuration list for PBXNativeTarget "LeagueiOSChallengeUITests" */ = {
			isa = XCConfigurationList;
			buildConfigurations = (
				88480267282C16A900AF1595 /* Debug */,
				88480268282C16A900AF1595 /* Release */,
			);
			defaultConfigurationIsVisible = 0;
			defaultConfigurationName = Release;
		};
/* End XCConfigurationList section */
	};
	rootObject = 8848022E282C16A800AF1595 /* Project object */;
}
